<?xml version="1.0" encoding="utf-8"?>
<Project ToolsVersion="4.0" xmlns="http://schemas.microsoft.com/developer/msbuild/2003">
  <ItemGroup>
    <Filter Include="framework">
      <UniqueIdentifier>{7f11dba5-0fb0-455f-882d-36166962a4a1}</UniqueIdentifier>
    </Filter>
    <Filter Include="resource">
      <UniqueIdentifier>{67DA6AB6-F800-4c08-8B7A-83BB121AAD01}</UniqueIdentifier>
      <Extensions>rc;ico;cur;bmp;dlg;rc2;rct;bin;rgs;gif;jpg;jpeg;jpe;resx;tiff;tif;png;wav;mfcribbon-ms</Extensions>
    </Filter>
    <Filter Include="window">
      <UniqueIdentifier>{bf576f5b-eaf3-4efe-b387-ad1beb41e76a}</UniqueIdentifier>
    </Filter>
  </ItemGroup>
  <ItemGroup>
    <ClCompile Include="pch.cpp">
      <Filter>framework</Filter>
    </ClCompile>
    <ClCompile Include="main.cpp">
      <Filter>framework</Filter>
    </ClCompile>
  </ItemGroup>
  <ItemGroup>
    <ClInclude Include="pch.h">
      <Filter>framework</Filter>
    </ClInclude>
    <ClInclude Include="hive.hpp" />
    <ClInclude Include="app.hpp" />
    <ClInclude Include="app_interface.hpp" />
    <ClInclude Include="resource.h">
      <Filter>resource</Filter>
    </ClInclude>
    <ClInclude Include="config_io.hpp" />
    <ClInclude Include="io_base.hpp" />
    <ClInclude Include="version.hpp">
      <Filter>framework</Filter>
    </ClInclude>
    <ClInclude Include="utils.hpp" />
    <ClInclude Include="window\project_note.hpp">
      <Filter>window</Filter>
    </ClInclude>
    <ClInclude Include="window\richedit.hpp">
      <Filter>window</Filter>
    </ClInclude>
    <ClInclude Include="window\richedit_window.hpp">
      <Filter>window</Filter>
    </ClInclude>
    <ClInclude Include="window\sharing_note.hpp">
      <Filter>window</Filter>
    </ClInclude>
  </ItemGroup>
  <ItemGroup>
    <None Include="main.def">
      <Filter>framework</Filter>
    </None>
  </ItemGroup>
  <ItemGroup>
    <ResourceCompile Include="al2_memo.rc">
      <Filter>resource</Filter>
    </ResourceCompile>
  </ItemGroup>
</Project>